
Microsoft Visual Studio Solution File, Format Version 12.00
# Visual Studio Version 16
VisualStudioVersion = 16.0.33529.622
MinimumVisualStudioVersion = 10.0.40219.1
Project("{FAE04EC0-301F-11D3-BF4B-00C04F79EFBC}") = "GUI", "GUI\GUI.csproj", "{726A1E67-86DC-456C-9C8C-E53F4DFFD1B8}"
EndProject
Project("{FAE04EC0-301F-11D3-BF4B-00C04F79EFBC}") = "BUS", "BUS\BUS.csproj", "{C41BB44C-C8A8-4C69-9C3F-0BDADE38123B}"
EndProject
Project("{FAE04EC0-301F-11D3-BF4B-00C04F79EFBC}") = "DAL", "DAL\DAL.csproj", "{F8429374-F3C2-4689-A3AC-FA71D76AD36A}"
EndProject
Project("{FAE04EC0-301F-11D3-BF4B-00C04F79EFBC}") = "DTO", "DAO\DTO.csproj", "{313BE06E-0F2F-4E11-988C-7534C93D240A}"
EndProject
Global
	GlobalSection(SolutionConfigurationPlatforms) = preSolution
		Debug|Any CPU = Debug|Any CPU
		Release|Any CPU = Release|Any CPU
	EndGlobalSection
	GlobalSection(ProjectConfigurationPlatforms) = postSolution
		{726A1E67-86DC-456C-9C8C-E53F4DFFD1B8}.Debug|Any CPU.ActiveCfg = Debug|Any CPU
		{726A1E67-86DC-456C-9C8C-E53F4DFFD1B8}.Debug|Any CPU.Build.0 = Debug|Any CPU
		{726A1E67-86DC-456C-9C8C-E53F4DFFD1B8}.Release|Any CPU.ActiveCfg = Release|Any CPU
		{726A1E67-86DC-456C-9C8C-E53F4DFFD1B8}.Release|Any CPU.Build.0 = Release|Any CPU
		{C41BB44C-C8A8-4C69-9C3F-0BDADE38123B}.Debug|Any CPU.ActiveCfg = Debug|Any CPU
		{C41BB44C-C8A8-4C69-9C3F-0BDADE38123B}.Debug|Any CPU.Build.0 = Debug|Any CPU
		{C41BB44C-C8A8-4C69-9C3F-0BDADE38123B}.Release|Any CPU.ActiveCfg = Release|Any CPU
		{C41BB44C-C8A8-4C69-9C3F-0BDADE38123B}.Release|Any CPU.Build.0 = Release|Any CPU
		{F8429374-F3C2-4689-A3AC-FA71D76AD36A}.Debug|Any CPU.ActiveCfg = Debug|Any CPU
		{F8429374-F3C2-4689-A3AC-FA71D76AD36A}.Debug|Any CPU.Build.0 = Debug|Any CPU
		{F8429374-F3C2-4689-A3AC-FA71D76AD36A}.Release|Any CPU.ActiveCfg = Release|Any CPU
		{F8429374-F3C2-4689-A3AC-FA71D76AD36A}.Release|Any CPU.Build.0 = Release|Any CPU
		{313BE06E-0F2F-4E11-988C-7534C93D240A}.Debug|Any CPU.ActiveCfg = Debug|Any CPU
		{313BE06E-0F2F-4E11-988C-7534C93D240A}.Debug|Any CPU.Build.0 = Debug|Any CPU
		{313BE06E-0F2F-4E11-988C-7534C93D240A}.Release|Any CPU.ActiveCfg = Release|Any CPU
		{313BE06E-0F2F-4E11-988C-7534C93D240A}.Release|Any CPU.Build.0 = Release|Any CPU
	EndGlobalSection
	GlobalSection(SolutionProperties) = preSolution
		HideSolutionNode = FALSE
	EndGlobalSection
	GlobalSection(ExtensibilityGlobals) = postSolution
		SolutionGuid = {AD9820B9-7696-4C28-85E2-7EAE2347B56D}
	EndGlobalSection
EndGlobal
