
Microsoft Visual Studio Solution File, Format Version 12.00
# Visual Studio Version 16
VisualStudioVersion = 16.0.33529.622
MinimumVisualStudioVersion = 10.0.40219.1
Project("{FAE04EC0-301F-11D3-BF4B-00C04F79EFBC}") = "UIModernLogin", "UIModernLogin\UIModernLogin.csproj", "{A2450E66-F79E-48EC-A937-6BC99AE05EC1}"
EndProject
Global
	GlobalSection(SolutionConfigurationPlatforms) = preSolution
		Debug|Any CPU = Debug|Any CPU
		Release|Any CPU = Release|Any CPU
	EndGlobalSection
	GlobalSection(ProjectConfigurationPlatforms) = postSolution
		{A2450E66-F79E-48EC-A937-6BC99AE05EC1}.Debug|Any CPU.ActiveCfg = Debug|Any CPU
		{A2450E66-F79E-48EC-A937-6BC99AE05EC1}.Debug|Any CPU.Build.0 = Debug|Any CPU
		{A2450E66-F79E-48EC-A937-6BC99AE05EC1}.Release|Any CPU.ActiveCfg = Release|Any CPU
		{A2450E66-F79E-48EC-A937-6BC99AE05EC1}.Release|Any CPU.Build.0 = Release|Any CPU
	EndGlobalSection
	GlobalSection(SolutionProperties) = preSolution
		HideSolutionNode = FALSE
	EndGlobalSection
	GlobalSection(ExtensibilityGlobals) = postSolution
		SolutionGuid = {FD7BB178-6B2F-47A3-B7FA-B9530DB23003}
	EndGlobalSection
EndGlobal
